
Microsoft Visual Studio Solution File, Format Version 12.00
# Visual Studio Express 2012 for Web
Project("{FAE04EC0-301F-11D3-BF4B-00C04F79EFBC}") = "DRNU4WindowsPhone", "DRNU4WindowsPhone\DRNU4WindowsPhone.csproj", "{FC915411-734A-4315-B97B-279E3F2A939D}"
EndProject
Global
	GlobalSection(SolutionConfigurationPlatforms) = preSolution
		Debug|Any CPU = Debug|Any CPU
		Release|Any CPU = Release|Any CPU
	EndGlobalSection
	GlobalSection(ProjectConfigurationPlatforms) = postSolution
		{FC915411-734A-4315-B97B-279E3F2A939D}.Debug|Any CPU.ActiveCfg = Debug|Any CPU
		{FC915411-734A-4315-B97B-279E3F2A939D}.Debug|Any CPU.Build.0 = Debug|Any CPU
		{FC915411-734A-4315-B97B-279E3F2A939D}.Release|Any CPU.ActiveCfg = Release|Any CPU
		{FC915411-734A-4315-B97B-279E3F2A939D}.Release|Any CPU.Build.0 = Release|Any CPU
	EndGlobalSection
	GlobalSection(SolutionProperties) = preSolution
		HideSolutionNode = FALSE
	EndGlobalSection
EndGlobal
